github.com/anvie/port-scanner v0.0.0-20180225151059-8159197d3770 h1:1KEvfMGAjISVzk3Ti6pfaOgtoC3naoU0LfiJooZDNO8=
github.com/anvie/port-scanner v0.0.0-20180225151059-8159197d3770/go.mod h1:QGzdstKeoHmMWwi9oNHZ7DQzEj9pi7H42171pkj9htk=
github.com/gorilla/mux v1.7.4 h1:VuZ8uybHlWmqV03+zRzdwKL4tUnIp1MAQtp1mIFE1bc=
github.com/gorilla/mux v1.7.4/go.mod h1:DVbg23sWSpFRCP0SfiEN6jmj59UnW/n46BH5rLB71So=
